
Microsoft Visual Studio Solution File, Format Version 12.00
# Visual Studio Version 17
VisualStudioVersion = 17.13.35931.197
MinimumVisualStudioVersion = 10.0.40219.1
Project("{FAE04EC0-301F-11D3-BF4B-00C04F79EFBC}") = "FigureManagementSystem", "FigureManagementSystem\FigureManagementSystem.csproj", "{97DED4DE-B599-4A32-B222-FDAF59518B18}"
EndProject
Project("{FAE04EC0-301F-11D3-BF4B-00C04F79EFBC}") = "CategoryTest", "CategoryTest\CategoryTest.csproj", "{94515632-1089-49AE-B6A9-D2368F9CCAE5}"
EndProject
Project("{888888A0-9F3D-457C-B088-3A5042F75D52}") = "RunterraAI", "RunterraAI\RunterraAI.pyproj", "{F4DB0675-8E6E-498F-B57E-0E72CD97B8E3}"
EndProject
Global
	GlobalSection(SolutionConfigurationPlatforms) = preSolution
		Debug|Any CPU = Debug|Any CPU
		Release|Any CPU = Release|Any CPU
	EndGlobalSection
	GlobalSection(ProjectConfigurationPlatforms) = postSolution
		{97DED4DE-B599-4A32-B222-FDAF59518B18}.Debug|Any CPU.ActiveCfg = Debug|Any CPU
		{97DED4DE-B599-4A32-B222-FDAF59518B18}.Debug|Any CPU.Build.0 = Debug|Any CPU
		{97DED4DE-B599-4A32-B222-FDAF59518B18}.Release|Any CPU.ActiveCfg = Release|Any CPU
		{97DED4DE-B599-4A32-B222-FDAF59518B18}.Release|Any CPU.Build.0 = Release|Any CPU
		{94515632-1089-49AE-B6A9-D2368F9CCAE5}.Debug|Any CPU.ActiveCfg = Debug|Any CPU
		{94515632-1089-49AE-B6A9-D2368F9CCAE5}.Debug|Any CPU.Build.0 = Debug|Any CPU
		{94515632-1089-49AE-B6A9-D2368F9CCAE5}.Release|Any CPU.ActiveCfg = Release|Any CPU
		{94515632-1089-49AE-B6A9-D2368F9CCAE5}.Release|Any CPU.Build.0 = Release|Any CPU
		{F4DB0675-8E6E-498F-B57E-0E72CD97B8E3}.Debug|Any CPU.ActiveCfg = Debug|Any CPU
		{F4DB0675-8E6E-498F-B57E-0E72CD97B8E3}.Release|Any CPU.ActiveCfg = Release|Any CPU
	EndGlobalSection
	GlobalSection(SolutionProperties) = preSolution
		HideSolutionNode = FALSE
	EndGlobalSection
	GlobalSection(ExtensibilityGlobals) = postSolution
		SolutionGuid = {DDD9F2E8-6E5B-4136-AB4F-D9AF0A4DAEE7}
	EndGlobalSection
EndGlobal
